// !$*UTF8*$!
{
	archiveVersion = 1;
	classes = {
	};
	objectVersion = 56;
	objects = {

/* Begin PBXBuildFile section */
		C372E99129359C2000B0462D /* AppDelegate.swift in Sources */ = {isa = PBXBuildFile; fileRef = C372E99029359C2000B0462D /* AppDelegate.swift */; };
		C372E99329359C2000B0462D /* SceneDelegate.swift in Sources */ = {isa = PBXBuildFile; fileRef = C372E99229359C2000B0462D /* SceneDelegate.swift */; };
		C372E99529359C2000B0462D /* ViewController.swift in Sources */ = {isa = PBXBuildFile; fileRef = C372E99429359C2000B0462D /* ViewController.swift */; };
		C372E99829359C2000B0462D /* Main.storyboard in Resources */ = {isa = PBXBuildFile; fileRef = C372E99629359C2000B0462D /* Main.storyboard */; };
		C372E99A29359C2100B0462D /* Assets.xcassets in Resources */ = {isa = PBXBuildFile; fileRef = C372E99929359C2100B0462D /* Assets.xcassets */; };
		C372E99D29359C2100B0462D /* LaunchScreen.storyboard in Resources */ = {isa = PBXBuildFile; fileRef = C372E99B29359C2100B0462D /* LaunchScreen.storyboard */; };
		C372E9AB29359D7F00B0462D /* CICDProjectUITests.swift in Sources */ = {isa = PBXBuildFile; fileRef = C372E9AA29359D7F00B0462D /* CICDProjectUITests.swift */; };
		C372E9AD29359D7F00B0462D /* CICDProjectUITestsLaunchTests.swift in Sources */ = {isa = PBXBuildFile; fileRef = C372E9AC29359D7F00B0462D /* CICDProjectUITestsLaunchTests.swift */; };
/* End PBXBuildFile section */

/* Begin PBXContainerItemProxy section */
		C372E9AE29359D7F00B0462D /* PBXContainerItemProxy */ = {
			isa = PBXContainerItemProxy;
			containerPortal = C372E98529359C2000B0462D /* Project object */;
			proxyType = 1;
			remoteGlobalIDString = C372E98C29359C2000B0462D;
			remoteInfo = CICDProject;
		};
/* End PBXContainerItemProxy section */

/* Begin PBXFileReference section */
		C372E98D29359C2000B0462D /* CICDProject.app */ = {isa = PBXFileReference; explicitFileType = wrapper.application; includeInIndex = 0; path = CICDProject.app; sourceTree = BUILT_PRODUCTS_DIR; };
		C372E99029359C2000B0462D /* AppDelegate.swift */ = {isa = PBXFileReference; lastKnownFileType = sourcecode.swift; path = AppDelegate.swift; sourceTree = "<group>"; };
		C372E99229359C2000B0462D /* SceneDelegate.swift */ = {isa = PBXFileReference; lastKnownFileType = sourcecode.swift; path = SceneDelegate.swift; sourceTree = "<group>"; };
		C372E99429359C2000B0462D /* ViewController.swift */ = {isa = PBXFileReference; lastKnownFileType = sourcecode.swift; path = ViewController.swift; sourceTree = "<group>"; };
		C372E99729359C2000B0462D /* Base */ = {isa = PBXFileReference; lastKnownFileType = file.storyboard; name = Base; path = Base.lproj/Main.storyboard; sourceTree = "<group>"; };
		C372E99929359C2100B0462D /* Assets.xcassets */ = {isa = PBXFileReference; lastKnownFileType = folder.assetcatalog; path = Assets.xcassets; sourceTree = "<group>"; };
		C372E99C29359C2100B0462D /* Base */ = {isa = PBXFileReference; lastKnownFileType = file.storyboard; name = Base; path = Base.lproj/LaunchScreen.storyboard; sourceTree = "<group>"; };
		C372E99E29359C2100B0462D /* Info.plist */ = {isa = PBXFileReference; lastKnownFileType = text.plist.xml; path = Info.plist; sourceTree = "<group>"; };
		C372E9A829359D7F00B0462D /* CICDProjectUITests.xctest */ = {isa = PBXFileReference; explicitFileType = wrapper.cfbundle; includeInIndex = 0; path = CICDProjectUITests.xctest; sourceTree = BUILT_PRODUCTS_DIR; };
		C372E9AA29359D7F00B0462D /* CICDProjectUITests.swift */ = {isa = PBXFileReference; lastKnownFileType = sourcecode.swift; path = CICDProjectUITests.swift; sourceTree = "<group>"; };
		C372E9AC29359D7F00B0462D /* CICDProjectUITestsLaunchTests.swift */ = {isa = PBXFileReference; lastKnownFileType = sourcecode.swift; path = CICDProjectUITestsLaunchTests.swift; sourceTree = "<group>"; };
/* End PBXFileReference section */

/* Begin PBXFrameworksBuildPhase section */
		C372E98A29359C2000B0462D /* Frameworks */ = {
			isa = PBXFrameworksBuildPhase;
			buildActionMask = 2147483647;
			files = (
			);
			runOnlyForDeploymentPostprocessing = 0;
		};
		C372E9A529359D7F00B0462D /* Frameworks */ = {
			isa = PBXFrameworksBuildPhase;
			buildActionMask = 2147483647;
			files = (
			);
			runOnlyForDeploymentPostprocessing = 0;
		};
/* End PBXFrameworksBuildPhase section */

/* Begin PBXGroup section */
		C372E98429359C2000B0462D = {
			isa = PBXGroup;
			children = (
				C372E98F29359C2000B0462D /* CICDProject */,
				C372E9A929359D7F00B0462D /* CICDProjectUITests */,
				C372E98E29359C2000B0462D /* Products */,
			);
			sourceTree = "<group>";
		};
		C372E98E29359C2000B0462D /* Products */ = {
			isa = PBXGroup;
			children = (
				C372E98D29359C2000B0462D /* CICDProject.app */,
				C372E9A829359D7F00B0462D /* CICDProjectUITests.xctest */,
			);
			name = Products;
			sourceTree = "<group>";
		};
		C372E98F29359C2000B0462D /* CICDProject */ = {
			isa = PBXGroup;
			children = (
				C372E99029359C2000B0462D /* AppDelegate.swift */,
				C372E99229359C2000B0462D /* SceneDelegate.swift */,
				C372E99429359C2000B0462D /* ViewController.swift */,
				C372E99629359C2000B0462D /* Main.storyboard */,
				C372E99929359C2100B0462D /* Assets.xcassets */,
				C372E99B29359C2100B0462D /* LaunchScreen.storyboard */,
				C372E99E29359C2100B0462D /* Info.plist */,
			);
			path = CICDProject;
			sourceTree = "<group>";
		};
		C372E9A929359D7F00B0462D /* CICDProjectUITests */ = {
			isa = PBXGroup;
			children = (
				C372E9AA29359D7F00B0462D /* CICDProjectUITests.swift */,
				C372E9AC29359D7F00B0462D /* CICDProjectUITestsLaunchTests.swift */,
			);
			path = CICDProjectUITests;
			sourceTree = "<group>";
		};
/* End PBXGroup section */

/* Begin PBXNativeTarget section */
		C372E98C29359C2000B0462D /* CICDProject */ = {
			isa = PBXNativeTarget;
			buildConfigurationList = C372E9A129359C2100B0462D /* Build configuration list for PBXNativeTarget "CICDProject" */;
			buildPhases = (
				C372E98929359C2000B0462D /* Sources */,
				C372E98A29359C2000B0462D /* Frameworks */,
				C372E98B29359C2000B0462D /* Resources */,
			);
			buildRules = (
			);
			dependencies = (
			);
			name = CICDProject;
			productName = CICDProject;
			productReference = C372E98D29359C2000B0462D /* CICDProject.app */;
			productType = "com.apple.product-type.application";
		};
		C372E9A729359D7F00B0462D /* CICDProjectUITests */ = {
			isa = PBXNativeTarget;
			buildConfigurationList = C372E9B029359D7F00B0462D /* Build configuration list for PBXNativeTarget "CICDProjectUITests" */;
			buildPhases = (
				C372E9A429359D7F00B0462D /* Sources */,
				C372E9A529359D7F00B0462D /* Frameworks */,
				C372E9A629359D7F00B0462D /* Resources */,
			);
			buildRules = (
			);
			dependencies = (
				C372E9AF29359D7F00B0462D /* PBXTargetDependency */,
			);
			name = CICDProjectUITests;
			productName = CICDProjectUITests;
			productReference = C372E9A829359D7F00B0462D /* CICDProjectUITests.xctest */;
			productType = "com.apple.product-type.bundle.ui-testing";
		};
/* End PBXNativeTarget section */

/* Begin PBXProject section */
		C372E98529359C2000B0462D /* Project object */ = {
			isa = PBXProject;
			attributes = {
				BuildIndependentTargetsInParallel = 1;
				LastSwiftUpdateCheck = 1400;
				LastUpgradeCheck = 1400;
				TargetAttributes = {
					C372E98C29359C2000B0462D = {
						CreatedOnToolsVersion = 14.0.1;
					};
					C372E9A729359D7F00B0462D = {
						CreatedOnToolsVersion = 14.0.1;
						TestTargetID = C372E98C29359C2000B0462D;
					};
				};
			};
			buildConfigurationList = C372E98829359C2000B0462D /* Build configuration list for PBXProject "CICDProject" */;
			compatibilityVersion = "Xcode 14.0";
			developmentRegion = en;
			hasScannedForEncodings = 0;
			knownRegions = (
				en,
				Base,
			);
			mainGroup = C372E98429359C2000B0462D;
			productRefGroup = C372E98E29359C2000B0462D /* Products */;
			projectDirPath = "";
			projectRoot = "";
			targets = (
				C372E98C29359C2000B0462D /* CICDProject */,
				C372E9A729359D7F00B0462D /* CICDProjectUITests */,
			);
		};
/* End PBXProject section */

/* Begin PBXResourcesBuildPhase section */
		C372E98B29359C2000B0462D /* Resources */ = {
			isa = PBXResourcesBuildPhase;
			buildActionMask = 2147483647;
			files = (
				C372E99D29359C2100B0462D /* LaunchScreen.storyboard in Resources */,
				C372E99A29359C2100B0462D /* Assets.xcassets in Resources */,
				C372E99829359C2000B0462D /* Main.storyboard in Resources */,
			);
			runOnlyForDeploymentPostprocessing = 0;
		};
		C372E9A629359D7F00B0462D /* Resources */ = {
			isa = PBXResourcesBuildPhase;
			buildActionMask = 2147483647;
			files = (
			);
			runOnlyForDeploymentPostprocessing = 0;
		};
/* End PBXResourcesBuildPhase section */

/* Begin PBXSourcesBuildPhase section */
		C372E98929359C2000B0462D /* Sources */ = {
			isa = PBXSourcesBuildPhase;
			buildActionMask = 2147483647;
			files = (
				C372E99529359C2000B0462D /* ViewController.swift in Sources */,
				C372E99129359C2000B0462D /* AppDelegate.swift in Sources */,
				C372E99329359C2000B0462D /* SceneDelegate.swift in Sources */,
			);
			runOnlyForDeploymentPostprocessing = 0;
		};
		C372E9A429359D7F00B0462D /* Sources */ = {
			isa = PBXSourcesBuildPhase;
			buildActionMask = 2147483647;
			files = (
				C372E9AB29359D7F00B0462D /* CICDProjectUITests.swift in Sources */,
				C372E9AD29359D7F00B0462D /* CICDProjectUITestsLaunchTests.swift in Sources */,
			);
			runOnlyForDeploymentPostprocessing = 0;
		};
/* End PBXSourcesBuildPhase section */

/* Begin PBXTargetDependency section */
		C372E9AF29359D7F00B0462D /* PBXTargetDependency */ = {
			isa = PBXTargetDependency;
			target = C372E98C29359C2000B0462D /* CICDProject */;
			targetProxy = C372E9AE29359D7F00B0462D /* PBXContainerItemProxy */;
		};
/* End PBXTargetDependency section */

/* Begin PBXVariantGroup section */
		C372E99629359C2000B0462D /* Main.storyboard */ = {
			isa = PBXVariantGroup;
			children = (
				C372E99729359C2000B0462D /* Base */,
			);
			name = Main.storyboard;
			sourceTree = "<group>";
		};
		C372E99B29359C2100B0462D /* LaunchScreen.storyboard */ = {
			isa = PBXVariantGroup;
			children = (
				C372E99C29359C2100B0462D /* Base */,
			);
			name = LaunchScreen.storyboard;
			sourceTree = "<group>";
		};
/* End PBXVariantGroup section */

/* Begin XCBuildConfiguration section */
		C372E99F29359C2100B0462D /* Debug */ = {
			isa = XCBuildConfiguration;
			buildSettings = {
				ALWAYS_SEARCH_USER_PATHS = NO;
				CLANG_ANALYZER_NONNULL = YES;
				CLANG_ANALYZER_NUMBER_OBJECT_CONVERSION = YES_AGGRESSIVE;
				CLANG_CXX_LANGUAGE_STANDARD = "gnu++20";
				CLANG_ENABLE_MODULES = YES;
				CLANG_ENABLE_OBJC_ARC = YES;
				CLANG_ENABLE_OBJC_WEAK = YES;
				CLANG_WARN_BLOCK_CAPTURE_AUTORELEASING = YES;
				CLANG_WARN_BOOL_CONVERSION = YES;
				CLANG_WARN_COMMA = YES;
				CLANG_WARN_CONSTANT_CONVERSION = YES;
				CLANG_WARN_DEPRECATED_OBJC_IMPLEMENTATIONS = YES;
				CLANG_WARN_DIRECT_OBJC_ISA_USAGE = YES_ERROR;
				CLANG_WARN_DOCUMENTATION_COMMENTS = YES;
				CLANG_WARN_EMPTY_BODY = YES;
				CLANG_WARN_ENUM_CONVERSION = YES;
				CLANG_WARN_INFINITE_RECURSION = YES;
				CLANG_WARN_INT_CONVERSION = YES;
				CLANG_WARN_NON_LITERAL_NULL_CONVERSION = YES;
				CLANG_WARN_OBJC_IMPLICIT_RETAIN_SELF = YES;
				CLANG_WARN_OBJC_LITERAL_CONVERSION = YES;
				CLANG_WARN_OBJC_ROOT_CLASS = YES_ERROR;
				CLANG_WARN_QUOTED_INCLUDE_IN_FRAMEWORK_HEADER = YES;
				CLANG_WARN_RANGE_LOOP_ANALYSIS = YES;
				CLANG_WARN_STRICT_PROTOTYPES = YES;
				CLANG_WARN_SUSPICIOUS_MOVE = YES;
				CLANG_WARN_UNGUARDED_AVAILABILITY = YES_AGGRESSIVE;
				CLANG_WARN_UNREACHABLE_CODE = YES;
				CLANG_WARN__DUPLICATE_METHOD_MATCH = YES;
				COPY_PHASE_STRIP = NO;
				DEBUG_INFORMATION_FORMAT = dwarf;
				ENABLE_STRICT_OBJC_MSGSEND = YES;
				ENABLE_TESTABILITY = YES;
				GCC_C_LANGUAGE_STANDARD = gnu11;
				GCC_DYNAMIC_NO_PIC = NO;
				GCC_NO_COMMON_BLOCKS = YES;
				GCC_OPTIMIZATION_LEVEL = 0;
				GCC_PREPROCESSOR_DEFINITIONS = (
					"DEBUG=1",
					"$(inherited)",
				);
				GCC_WARN_64_TO_32_BIT_CONVERSION = YES;
				GCC_WARN_ABOUT_RETURN_TYPE = YES_ERROR;
				GCC_WARN_UNDECLARED_SELECTOR = YES;
				GCC_WARN_UNINITIALIZED_AUTOS = YES_AGGRESSIVE;
				GCC_WARN_UNUSED_FUNCTION = YES;
				GCC_WARN_UNUSED_VARIABLE = YES;
				IPHONEOS_DEPLOYMENT_TARGET = 16.0;
				MTL_ENABLE_DEBUG_INFO = INCLUDE_SOURCE;
				MTL_FAST_MATH = YES;
				ONLY_ACTIVE_ARCH = YES;
				SDKROOT = iphoneos;
				SWIFT_ACTIVE_COMPILATION_CONDITIONS = DEBUG;
				SWIFT_OPTIMIZATION_LEVEL = "-Onone";
			};
			name = Debug;
		};
		C372E9A029359C2100B0462D /* Release */ = {
			isa = XCBuildConfiguration;
			buildSettings = {
				ALWAYS_SEARCH_USER_PATHS = NO;
				CLANG_ANALYZER_NONNULL = YES;
				CLANG_ANALYZER_NUMBER_OBJECT_CONVERSION = YES_AGGRESSIVE;
				CLANG_CXX_LANGUAGE_STANDARD = "gnu++20";
				CLANG_ENABLE_MODULES = YES;
				CLANG_ENABLE_OBJC_ARC = YES;
				CLANG_ENABLE_OBJC_WEAK = YES;
				CLANG_WARN_BLOCK_CAPTURE_AUTORELEASING = YES;
				CLANG_WARN_BOOL_CONVERSION = YES;
				CLANG_WARN_COMMA = YES;
				CLANG_WARN_CONSTANT_CONVERSION = YES;
				CLANG_WARN_DEPRECATED_OBJC_IMPLEMENTATIONS = YES;
				CLANG_WARN_DIRECT_OBJC_ISA_USAGE = YES_ERROR;
				CLANG_WARN_DOCUMENTATION_COMMENTS = YES;
				CLANG_WARN_EMPTY_BODY = YES;
				CLANG_WARN_ENUM_CONVERSION = YES;
				CLANG_WARN_INFINITE_RECURSION = YES;
				CLANG_WARN_INT_CONVERSION = YES;
				CLANG_WARN_NON_LITERAL_NULL_CONVERSION = YES;
				CLANG_WARN_OBJC_IMPLICIT_RETAIN_SELF = YES;
				CLANG_WARN_OBJC_LITERAL_CONVERSION = YES;
				CLANG_WARN_OBJC_ROOT_CLASS = YES_ERROR;
				CLANG_WARN_QUOTED_INCLUDE_IN_FRAMEWORK_HEADER = YES;
				CLANG_WARN_RANGE_LOOP_ANALYSIS = YES;
				CLANG_WARN_STRICT_PROTOTYPES = YES;
				CLANG_WARN_SUSPICIOUS_MOVE = YES;
				CLANG_WARN_UNGUARDED_AVAILABILITY = YES_AGGRESSIVE;
				CLANG_WARN_UNREACHABLE_CODE = YES;
				CLANG_WARN__DUPLICATE_METHOD_MATCH = YES;
				COPY_PHASE_STRIP = NO;
				DEBUG_INFORMATION_FORMAT = "dwarf-with-dsym";
				ENABLE_NS_ASSERTIONS = NO;
				ENABLE_STRICT_OBJC_MSGSEND = YES;
				GCC_C_LANGUAGE_STANDARD = gnu11;
				GCC_NO_COMMON_BLOCKS = YES;
				GCC_WARN_64_TO_32_BIT_CONVERSION = YES;
				GCC_WARN_ABOUT_RETURN_TYPE = YES_ERROR;
				GCC_WARN_UNDECLARED_SELECTOR = YES;
				GCC_WARN_UNINITIALIZED_AUTOS = YES_AGGRESSIVE;
				GCC_WARN_UNUSED_FUNCTION = YES;
				GCC_WARN_UNUSED_VARIABLE = YES;
				IPHONEOS_DEPLOYMENT_TARGET = 16.0;
				MTL_ENABLE_DEBUG_INFO = NO;
				MTL_FAST_MATH = YES;
				SDKROOT = iphoneos;
				SWIFT_COMPILATION_MODE = wholemodule;
				SWIFT_OPTIMIZATION_LEVEL = "-O";
				VALIDATE_PRODUCT = YES;
			};
			name = Release;
		};
		C372E9A229359C2100B0462D /* Debug */ = {
			isa = XCBuildConfiguration;
			buildSettings = {
				ASSETCATALOG_COMPILER_APPICON_NAME = AppIcon;
				ASSETCATALOG_COMPILER_GLOBAL_ACCENT_COLOR_NAME = AccentColor;
				CODE_SIGN_STYLE = Automatic;
				CURRENT_PROJECT_VERSION = 1;
				DEVELOPMENT_TEAM = 48S4T8HCYX;
				GENERATE_INFOPLIST_FILE = YES;
				INFOPLIST_FILE = CICDProject/Info.plist;
				INFOPLIST_KEY_UIApplicationSupportsIndirectInputEvents = YES;
				INFOPLIST_KEY_UILaunchStoryboardName = LaunchScreen;
				INFOPLIST_KEY_UIMainStoryboardFile = Main;
				INFOPLIST_KEY_UISupportedInterfaceOrientations_iPad = "UIInterfaceOrientationPortrait UIInterfaceOrientationPortraitUpsideDown UIInterfaceOrientationLandscapeLeft UIInterfaceOrientationLandscapeRight";
				INFOPLIST_KEY_UISupportedInterfaceOrientations_iPhone = "UIInterfaceOrientationPortrait UIInterfaceOrientationLandscapeLeft UIInterfaceOrientationLandscapeRight";
				LD_RUNPATH_SEARCH_PATHS = (
					"$(inherited)",
					"@executable_path/Frameworks",
				);
				MARKETING_VERSION = 1.0;
				PRODUCT_BUNDLE_IDENTIFIER = com.jun.CICDProject;
				PRODUCT_NAME = "$(TARGET_NAME)";
				SWIFT_EMIT_LOC_STRINGS = YES;
				SWIFT_VERSION = 5.0;
				TARGETED_DEVICE_FAMILY = "1,2";
			};
			name = Debug;
		};
		C372E9A329359C2100B0462D /* Release */ = {
			isa = XCBuildConfiguration;
			buildSettings = {
				ASSETCATALOG_COMPILER_APPICON_NAME = AppIcon;
				ASSETCATALOG_COMPILER_GLOBAL_ACCENT_COLOR_NAME = AccentColor;
				CODE_SIGN_STYLE = Automatic;
				CURRENT_PROJECT_VERSION = 1;
				DEVELOPMENT_TEAM = 48S4T8HCYX;
				GENERATE_INFOPLIST_FILE = YES;
				INFOPLIST_FILE = CICDProject/Info.plist;
				INFOPLIST_KEY_UIApplicationSupportsIndirectInputEvents = YES;
				INFOPLIST_KEY_UILaunchStoryboardName = LaunchScreen;
				INFOPLIST_KEY_UIMainStoryboardFile = Main;
				INFOPLIST_KEY_UISupportedInterfaceOrientations_iPad = "UIInterfaceOrientationPortrait UIInterfaceOrientationPortraitUpsideDown UIInterfaceOrientationLandscapeLeft UIInterfaceOrientationLandscapeRight";
				INFOPLIST_KEY_UISupportedInterfaceOrientations_iPhone = "UIInterfaceOrientationPortrait UIInterfaceOrientationLandscapeLeft UIInterfaceOrientationLandscapeRight";
				LD_RUNPATH_SEARCH_PATHS = (
					"$(inherited)",
					"@executable_path/Frameworks",
				);
				MARKETING_VERSION = 1.0;
				PRODUCT_BUNDLE_IDENTIFIER = com.jun.CICDProject;
				PRODUCT_NAME = "$(TARGET_NAME)";
				SWIFT_EMIT_LOC_STRINGS = YES;
				SWIFT_VERSION = 5.0;
				TARGETED_DEVICE_FAMILY = "1,2";
			};
			name = Release;
		};
		C372E9B129359D7F00B0462D /* Debug */ = {
			isa = XCBuildConfiguration;
			buildSettings = {
				CODE_SIGN_STYLE = Automatic;
				CURRENT_PROJECT_VERSION = 1;
				DEVELOPMENT_TEAM = 48S4T8HCYX;
				GENERATE_INFOPLIST_FILE = YES;
				MARKETING_VERSION = 1.0;
				PRODUCT_BUNDLE_IDENTIFIER = com.jun.CICDProjectUITests;
				PRODUCT_NAME = "$(TARGET_NAME)";
				SWIFT_EMIT_LOC_STRINGS = NO;
				SWIFT_VERSION = 5.0;
				TARGETED_DEVICE_FAMILY = "1,2";
				TEST_TARGET_NAME = CICDProject;
			};
			name = Debug;
		};
		C372E9B229359D7F00B0462D /* Release */ = {
			isa = XCBuildConfiguration;
			buildSettings = {
				CODE_SIGN_STYLE = Automatic;
				CURRENT_PROJECT_VERSION = 1;
				DEVELOPMENT_TEAM = 48S4T8HCYX;
				GENERATE_INFOPLIST_FILE = YES;
				MARKETING_VERSION = 1.0;
				PRODUCT_BUNDLE_IDENTIFIER = com.jun.CICDProjectUITests;
				PRODUCT_NAME = "$(TARGET_NAME)";
				SWIFT_EMIT_LOC_STRINGS = NO;
				SWIFT_VERSION = 5.0;
				TARGETED_DEVICE_FAMILY = "1,2";
				TEST_TARGET_NAME = CICDProject;
			};
			name = Release;
		};
/* End XCBuildConfiguration section */

/* Begin XCConfigurationList section */
		C372E98829359C2000B0462D /* Build configuration list for PBXProject "CICDProject" */ = {
			isa = XCConfigurationList;
			buildConfigurations = (
				C372E99F29359C2100B0462D /* Debug */,
				C372E9A029359C2100B0462D /* Release */,
			);
			defaultConfigurationIsVisible = 0;
			defaultConfigurationName = Release;
		};
		C372E9A129359C2100B0462D /* Build configuration list for PBXNativeTarget "CICDProject" */ = {
			isa = XCConfigurationList;
			buildConfigurations = (
				C372E9A229359C2100B0462D /* Debug */,
				C372E9A329359C2100B0462D /* Release */,
			);
			defaultConfigurationIsVisible = 0;
			defaultConfigurationName = Release;
		};
		C372E9B029359D7F00B0462D /* Build configuration list for PBXNativeTarget "CICDProjectUITests" */ = {
			isa = XCConfigurationList;
			buildConfigurations = (
				C372E9B129359D7F00B0462D /* Debug */,
				C372E9B229359D7F00B0462D /* Release */,
			);
			defaultConfigurationIsVisible = 0;
			defaultConfigurationName = Release;
		};
/* End XCConfigurationList section */
	};
	rootObject = C372E98529359C2000B0462D /* Project object */;
}
